// !$*UTF8*$!
{
	archiveVersion = 1;
	classes = {
	};
	objectVersion = 56;
	objects = {

/* Begin PBXBuildFile section */
		82009DE22A988FCD009B715B /* AppDelegate.swift in Sources */ = {isa = PBXBuildFile; fileRef = 82009DE12A988FCD009B715B /* AppDelegate.swift */; };
		82009DE42A988FCD009B715B /* SceneDelegate.swift in Sources */ = {isa = PBXBuildFile; fileRef = 82009DE32A988FCD009B715B /* SceneDelegate.swift */; };
		82009DEB2A988FCF009B715B /* Assets.xcassets in Resources */ = {isa = PBXBuildFile; fileRef = 82009DEA2A988FCF009B715B /* Assets.xcassets */; };
		82009DEE2A988FCF009B715B /* LaunchScreen.storyboard in Resources */ = {isa = PBXBuildFile; fileRef = 82009DEC2A988FCF009B715B /* LaunchScreen.storyboard */; };
		82009DF92A988FCF009B715B /* WatchAppTests.swift in Sources */ = {isa = PBXBuildFile; fileRef = 82009DF82A988FCF009B715B /* WatchAppTests.swift */; };
		82009E032A988FCF009B715B /* WatchAppUITests.swift in Sources */ = {isa = PBXBuildFile; fileRef = 82009E022A988FCF009B715B /* WatchAppUITests.swift */; };
		82009E052A988FCF009B715B /* WatchAppUITestsLaunchTests.swift in Sources */ = {isa = PBXBuildFile; fileRef = 82009E042A988FCF009B715B /* WatchAppUITestsLaunchTests.swift */; };
		82009E122A989317009B715B /* AppDependencies.swift in Sources */ = {isa = PBXBuildFile; fileRef = 82009E112A989317009B715B /* AppDependencies.swift */; };
		82009E162A9893A8009B715B /* HomeViewController.swift in Sources */ = {isa = PBXBuildFile; fileRef = 82009E142A9893A8009B715B /* HomeViewController.swift */; };
		82009E172A9893A8009B715B /* HomeViewController.xib in Resources */ = {isa = PBXBuildFile; fileRef = 82009E152A9893A8009B715B /* HomeViewController.xib */; };
		82009E1B2A9894FE009B715B /* MovieResponse.swift in Sources */ = {isa = PBXBuildFile; fileRef = 82009E1A2A9894FE009B715B /* MovieResponse.swift */; };
		82009E1D2A989520009B715B /* Movie.swift in Sources */ = {isa = PBXBuildFile; fileRef = 82009E1C2A989520009B715B /* Movie.swift */; };
		82009E252A98985C009B715B /* URLSessionHTTPClient.swift in Sources */ = {isa = PBXBuildFile; fileRef = 82009E202A98985C009B715B /* URLSessionHTTPClient.swift */; };
		82009E262A98985C009B715B /* NetworkingServiceError.swift in Sources */ = {isa = PBXBuildFile; fileRef = 82009E212A98985C009B715B /* NetworkingServiceError.swift */; };
		82009E272A98985C009B715B /* DTO.swift in Sources */ = {isa = PBXBuildFile; fileRef = 82009E222A98985C009B715B /* DTO.swift */; };
		82009E282A98985C009B715B /* HTTPClient.swift in Sources */ = {isa = PBXBuildFile; fileRef = 82009E232A98985C009B715B /* HTTPClient.swift */; };
		82009E292A98985C009B715B /* GenericDecoder.swift in Sources */ = {isa = PBXBuildFile; fileRef = 82009E242A98985C009B715B /* GenericDecoder.swift */; };
		82009E2E2A989FD4009B715B /* TheMDBApiServiceProtocol.swift in Sources */ = {isa = PBXBuildFile; fileRef = 82009E2D2A989FD4009B715B /* TheMDBApiServiceProtocol.swift */; };
		82009E302A989FED009B715B /* TheMDBManagerProtocol.swift in Sources */ = {isa = PBXBuildFile; fileRef = 82009E2F2A989FED009B715B /* TheMDBManagerProtocol.swift */; };
		82B7CA1F2A98A8C3009F946F /* HomeViewControllerViewModel.swift in Sources */ = {isa = PBXBuildFile; fileRef = 82B7CA1E2A98A8C3009F946F /* HomeViewControllerViewModel.swift */; };
		82B7CA292A98B4C0009F946F /* HomeViewRouter.swift in Sources */ = {isa = PBXBuildFile; fileRef = 82B7CA242A98B4C0009F946F /* HomeViewRouter.swift */; };
		82B7CA2A2A98B4C0009F946F /* Routing.swift in Sources */ = {isa = PBXBuildFile; fileRef = 82B7CA252A98B4C0009F946F /* Routing.swift */; };
		82B7CA2E2A98B71A009F946F /* MovieDetailsViewController.swift in Sources */ = {isa = PBXBuildFile; fileRef = 82B7CA2C2A98B71A009F946F /* MovieDetailsViewController.swift */; };
		82B7CA2F2A98B71A009F946F /* MovieDetailsViewController.xib in Resources */ = {isa = PBXBuildFile; fileRef = 82B7CA2D2A98B71A009F946F /* MovieDetailsViewController.xib */; };
		82B7CA322A98B76A009F946F /* MovieDetailsViewControllerViewModel.swift in Sources */ = {isa = PBXBuildFile; fileRef = 82B7CA312A98B76A009F946F /* MovieDetailsViewControllerViewModel.swift */; };
		82B7CA352A98BD7C009F946F /* MovieTableViewCell.swift in Sources */ = {isa = PBXBuildFile; fileRef = 82B7CA332A98BD7C009F946F /* MovieTableViewCell.swift */; };
		82B7CA362A98BD7C009F946F /* MovieTableViewCell.xib in Resources */ = {isa = PBXBuildFile; fileRef = 82B7CA342A98BD7C009F946F /* MovieTableViewCell.xib */; };
		82B7CA3A2A98DCE0009F946F /* Extensions.swift in Sources */ = {isa = PBXBuildFile; fileRef = 82B7CA392A98DCE0009F946F /* Extensions.swift */; };
		82B7CA3C2A98DD50009F946F /* OnDiskImageCaching.swift in Sources */ = {isa = PBXBuildFile; fileRef = 82B7CA3B2A98DD50009F946F /* OnDiskImageCaching.swift */; };
/* End PBXBuildFile section */

/* Begin PBXContainerItemProxy section */
		82009DF52A988FCF009B715B /* PBXContainerItemProxy */ = {
			isa = PBXContainerItemProxy;
			containerPortal = 82009DD62A988FCD009B715B /* Project object */;
			proxyType = 1;
			remoteGlobalIDString = 82009DDD2A988FCD009B715B;
			remoteInfo = WatchApp;
		};
		82009DFF2A988FCF009B715B /* PBXContainerItemProxy */ = {
			isa = PBXContainerItemProxy;
			containerPortal = 82009DD62A988FCD009B715B /* Project object */;
			proxyType = 1;
			remoteGlobalIDString = 82009DDD2A988FCD009B715B;
			remoteInfo = WatchApp;
		};
/* End PBXContainerItemProxy section */

/* Begin PBXFileReference section */
		82009DDE2A988FCD009B715B /* WatchApp.app */ = {isa = PBXFileReference; explicitFileType = wrapper.application; includeInIndex = 0; path = WatchApp.app; sourceTree = BUILT_PRODUCTS_DIR; };
		82009DE12A988FCD009B715B /* AppDelegate.swift */ = {isa = PBXFileReference; lastKnownFileType = sourcecode.swift; path = AppDelegate.swift; sourceTree = "<group>"; };
		82009DE32A988FCD009B715B /* SceneDelegate.swift */ = {isa = PBXFileReference; lastKnownFileType = sourcecode.swift; path = SceneDelegate.swift; sourceTree = "<group>"; };
		82009DEA2A988FCF009B715B /* Assets.xcassets */ = {isa = PBXFileReference; lastKnownFileType = folder.assetcatalog; path = Assets.xcassets; sourceTree = "<group>"; };
		82009DED2A988FCF009B715B /* Base */ = {isa = PBXFileReference; lastKnownFileType = file.storyboard; name = Base; path = Base.lproj/LaunchScreen.storyboard; sourceTree = "<group>"; };
		82009DEF2A988FCF009B715B /* Info.plist */ = {isa = PBXFileReference; lastKnownFileType = text.plist.xml; path = Info.plist; sourceTree = "<group>"; };
		82009DF42A988FCF009B715B /* WatchAppTests.xctest */ = {isa = PBXFileReference; explicitFileType = wrapper.cfbundle; includeInIndex = 0; path = WatchAppTests.xctest; sourceTree = BUILT_PRODUCTS_DIR; };
		82009DF82A988FCF009B715B /* WatchAppTests.swift */ = {isa = PBXFileReference; lastKnownFileType = sourcecode.swift; path = WatchAppTests.swift; sourceTree = "<group>"; };
		82009DFE2A988FCF009B715B /* WatchAppUITests.xctest */ = {isa = PBXFileReference; explicitFileType = wrapper.cfbundle; includeInIndex = 0; path = WatchAppUITests.xctest; sourceTree = BUILT_PRODUCTS_DIR; };
		82009E022A988FCF009B715B /* WatchAppUITests.swift */ = {isa = PBXFileReference; lastKnownFileType = sourcecode.swift; path = WatchAppUITests.swift; sourceTree = "<group>"; };
		82009E042A988FCF009B715B /* WatchAppUITestsLaunchTests.swift */ = {isa = PBXFileReference; lastKnownFileType = sourcecode.swift; path = WatchAppUITestsLaunchTests.swift; sourceTree = "<group>"; };
		82009E112A989317009B715B /* AppDependencies.swift */ = {isa = PBXFileReference; lastKnownFileType = sourcecode.swift; path = AppDependencies.swift; sourceTree = "<group>"; };
		82009E142A9893A8009B715B /* HomeViewController.swift */ = {isa = PBXFileReference; lastKnownFileType = sourcecode.swift; path = HomeViewController.swift; sourceTree = "<group>"; };
		82009E152A9893A8009B715B /* HomeViewController.xib */ = {isa = PBXFileReference; lastKnownFileType = file.xib; path = HomeViewController.xib; sourceTree = "<group>"; };
		82009E1A2A9894FE009B715B /* MovieResponse.swift */ = {isa = PBXFileReference; lastKnownFileType = sourcecode.swift; path = MovieResponse.swift; sourceTree = "<group>"; };
		82009E1C2A989520009B715B /* Movie.swift */ = {isa = PBXFileReference; lastKnownFileType = sourcecode.swift; path = Movie.swift; sourceTree = "<group>"; };
		82009E202A98985C009B715B /* URLSessionHTTPClient.swift */ = {isa = PBXFileReference; fileEncoding = 4; lastKnownFileType = sourcecode.swift; path = URLSessionHTTPClient.swift; sourceTree = "<group>"; };
		82009E212A98985C009B715B /* NetworkingServiceError.swift */ = {isa = PBXFileReference; fileEncoding = 4; lastKnownFileType = sourcecode.swift; path = NetworkingServiceError.swift; sourceTree = "<group>"; };
		82009E222A98985C009B715B /* DTO.swift */ = {isa = PBXFileReference; fileEncoding = 4; lastKnownFileType = sourcecode.swift; path = DTO.swift; sourceTree = "<group>"; };
		82009E232A98985C009B715B /* HTTPClient.swift */ = {isa = PBXFileReference; fileEncoding = 4; lastKnownFileType = sourcecode.swift; path = HTTPClient.swift; sourceTree = "<group>"; };
		82009E242A98985C009B715B /* GenericDecoder.swift */ = {isa = PBXFileReference; fileEncoding = 4; lastKnownFileType = sourcecode.swift; path = GenericDecoder.swift; sourceTree = "<group>"; };
		82009E2D2A989FD4009B715B /* TheMDBApiServiceProtocol.swift */ = {isa = PBXFileReference; lastKnownFileType = sourcecode.swift; path = TheMDBApiServiceProtocol.swift; sourceTree = "<group>"; };
		82009E2F2A989FED009B715B /* TheMDBManagerProtocol.swift */ = {isa = PBXFileReference; lastKnownFileType = sourcecode.swift; path = TheMDBManagerProtocol.swift; sourceTree = "<group>"; };
		82B7CA1E2A98A8C3009F946F /* HomeViewControllerViewModel.swift */ = {isa = PBXFileReference; lastKnownFileType = sourcecode.swift; path = HomeViewControllerViewModel.swift; sourceTree = "<group>"; };
		82B7CA242A98B4C0009F946F /* HomeViewRouter.swift */ = {isa = PBXFileReference; fileEncoding = 4; lastKnownFileType = sourcecode.swift; path = HomeViewRouter.swift; sourceTree = "<group>"; };
		82B7CA252A98B4C0009F946F /* Routing.swift */ = {isa = PBXFileReference; fileEncoding = 4; lastKnownFileType = sourcecode.swift; path = Routing.swift; sourceTree = "<group>"; };
		82B7CA2C2A98B71A009F946F /* MovieDetailsViewController.swift */ = {isa = PBXFileReference; lastKnownFileType = sourcecode.swift; path = MovieDetailsViewController.swift; sourceTree = "<group>"; };
		82B7CA2D2A98B71A009F946F /* MovieDetailsViewController.xib */ = {isa = PBXFileReference; lastKnownFileType = file.xib; path = MovieDetailsViewController.xib; sourceTree = "<group>"; };
		82B7CA312A98B76A009F946F /* MovieDetailsViewControllerViewModel.swift */ = {isa = PBXFileReference; lastKnownFileType = sourcecode.swift; path = MovieDetailsViewControllerViewModel.swift; sourceTree = "<group>"; };
		82B7CA332A98BD7C009F946F /* MovieTableViewCell.swift */ = {isa = PBXFileReference; lastKnownFileType = sourcecode.swift; path = MovieTableViewCell.swift; sourceTree = "<group>"; };
		82B7CA342A98BD7C009F946F /* MovieTableViewCell.xib */ = {isa = PBXFileReference; lastKnownFileType = file.xib; path = MovieTableViewCell.xib; sourceTree = "<group>"; };
		82B7CA392A98DCE0009F946F /* Extensions.swift */ = {isa = PBXFileReference; lastKnownFileType = sourcecode.swift; path = Extensions.swift; sourceTree = "<group>"; };
		82B7CA3B2A98DD50009F946F /* OnDiskImageCaching.swift */ = {isa = PBXFileReference; lastKnownFileType = sourcecode.swift; path = OnDiskImageCaching.swift; sourceTree = "<group>"; };
/* End PBXFileReference section */

/* Begin PBXFrameworksBuildPhase section */
		82009DDB2A988FCD009B715B /* Frameworks */ = {
			isa = PBXFrameworksBuildPhase;
			buildActionMask = 2147483647;
			files = (
			);
			runOnlyForDeploymentPostprocessing = 0;
		};
		82009DF12A988FCF009B715B /* Frameworks */ = {
			isa = PBXFrameworksBuildPhase;
			buildActionMask = 2147483647;
			files = (
			);
			runOnlyForDeploymentPostprocessing = 0;
		};
		82009DFB2A988FCF009B715B /* Frameworks */ = {
			isa = PBXFrameworksBuildPhase;
			buildActionMask = 2147483647;
			files = (
			);
			runOnlyForDeploymentPostprocessing = 0;
		};
/* End PBXFrameworksBuildPhase section */

/* Begin PBXGroup section */
		82009DD52A988FCD009B715B = {
			isa = PBXGroup;
			children = (
				82009DE02A988FCD009B715B /* WatchApp */,
				82009DF72A988FCF009B715B /* WatchAppTests */,
				82009E012A988FCF009B715B /* WatchAppUITests */,
				82009DDF2A988FCD009B715B /* Products */,
			);
			sourceTree = "<group>";
		};
		82009DDF2A988FCD009B715B /* Products */ = {
			isa = PBXGroup;
			children = (
				82009DDE2A988FCD009B715B /* WatchApp.app */,
				82009DF42A988FCF009B715B /* WatchAppTests.xctest */,
				82009DFE2A988FCF009B715B /* WatchAppUITests.xctest */,
			);
			name = Products;
			sourceTree = "<group>";
		};
		82009DE02A988FCD009B715B /* WatchApp */ = {
			isa = PBXGroup;
			children = (
				82B7CA392A98DCE0009F946F /* Extensions.swift */,
				82B7CA212A98B4C0009F946F /* Routing */,
				82009DE12A988FCD009B715B /* AppDelegate.swift */,
				82009DE32A988FCD009B715B /* SceneDelegate.swift */,
				82009DEA2A988FCF009B715B /* Assets.xcassets */,
				82009DEC2A988FCF009B715B /* LaunchScreen.storyboard */,
				82009DEF2A988FCF009B715B /* Info.plist */,
				82009E132A98931F009B715B /* CompositionRoot */,
				82009E2A2A9898AF009B715B /* Data */,
				82009E2B2A9898C3009B715B /* Business */,
				82009E2C2A989971009B715B /* Presentation */,
				82B7CA3B2A98DD50009F946F /* OnDiskImageCaching.swift */,
			);
			path = WatchApp;
			sourceTree = "<group>";
		};
		82009DF72A988FCF009B715B /* WatchAppTests */ = {
			isa = PBXGroup;
			children = (
				82009DF82A988FCF009B715B /* WatchAppTests.swift */,
			);
			path = WatchAppTests;
			sourceTree = "<group>";
		};
		82009E012A988FCF009B715B /* WatchAppUITests */ = {
			isa = PBXGroup;
			children = (
				82009E022A988FCF009B715B /* WatchAppUITests.swift */,
				82009E042A988FCF009B715B /* WatchAppUITestsLaunchTests.swift */,
			);
			path = WatchAppUITests;
			sourceTree = "<group>";
		};
		82009E132A98931F009B715B /* CompositionRoot */ = {
			isa = PBXGroup;
			children = (
				82009E112A989317009B715B /* AppDependencies.swift */,
			);
			path = CompositionRoot;
			sourceTree = "<group>";
		};
		82009E182A9893B4009B715B /* Views */ = {
			isa = PBXGroup;
			children = (
				82009E192A9893BF009B715B /* Home */,
				82B7CA302A98B72A009F946F /* MovieDetails */,
			);
			path = Views;
			sourceTree = "<group>";
		};
		82009E192A9893BF009B715B /* Home */ = {
			isa = PBXGroup;
			children = (
				82009E142A9893A8009B715B /* HomeViewController.swift */,
				82009E152A9893A8009B715B /* HomeViewController.xib */,
				82B7CA332A98BD7C009F946F /* MovieTableViewCell.swift */,
				82B7CA342A98BD7C009F946F /* MovieTableViewCell.xib */,
			);
			path = Home;
			sourceTree = "<group>";
		};
		82009E1E2A98954B009B715B /* Model */ = {
			isa = PBXGroup;
			children = (
				82009E1A2A9894FE009B715B /* MovieResponse.swift */,
				82009E1C2A989520009B715B /* Movie.swift */,
			);
			path = Model;
			sourceTree = "<group>";
		};
		82009E1F2A98985C009B715B /* Networking */ = {
			isa = PBXGroup;
			children = (
				82009E202A98985C009B715B /* URLSessionHTTPClient.swift */,
				82009E212A98985C009B715B /* NetworkingServiceError.swift */,
				82009E222A98985C009B715B /* DTO.swift */,
				82009E232A98985C009B715B /* HTTPClient.swift */,
				82009E242A98985C009B715B /* GenericDecoder.swift */,
			);
			path = Networking;
			sourceTree = "<group>";
		};
		82009E2A2A9898AF009B715B /* Data */ = {
			isa = PBXGroup;
			children = (
				82009E1F2A98985C009B715B /* Networking */,
			);
			path = Data;
			sourceTree = "<group>";
		};
		82009E2B2A9898C3009B715B /* Business */ = {
			isa = PBXGroup;
			children = (
				82009E1E2A98954B009B715B /* Model */,
				82009E2D2A989FD4009B715B /* TheMDBApiServiceProtocol.swift */,
				82009E2F2A989FED009B715B /* TheMDBManagerProtocol.swift */,
			);
			path = Business;
			sourceTree = "<group>";
		};
		82009E2C2A989971009B715B /* Presentation */ = {
			isa = PBXGroup;
			children = (
				82009E182A9893B4009B715B /* Views */,
				82B7CA202A98A8CA009F946F /* ViewModel */,
			);
			path = Presentation;
			sourceTree = "<group>";
		};
		82B7CA202A98A8CA009F946F /* ViewModel */ = {
			isa = PBXGroup;
			children = (
				82B7CA1E2A98A8C3009F946F /* HomeViewControllerViewModel.swift */,
				82B7CA312A98B76A009F946F /* MovieDetailsViewControllerViewModel.swift */,
			);
			path = ViewModel;
			sourceTree = "<group>";
		};
		82B7CA212A98B4C0009F946F /* Routing */ = {
			isa = PBXGroup;
			children = (
				82B7CA242A98B4C0009F946F /* HomeViewRouter.swift */,
				82B7CA252A98B4C0009F946F /* Routing.swift */,
			);
			path = Routing;
			sourceTree = "<group>";
		};
		82B7CA302A98B72A009F946F /* MovieDetails */ = {
			isa = PBXGroup;
			children = (
				82B7CA2C2A98B71A009F946F /* MovieDetailsViewController.swift */,
				82B7CA2D2A98B71A009F946F /* MovieDetailsViewController.xib */,
			);
			path = MovieDetails;
			sourceTree = "<group>";
		};
/* End PBXGroup section */

/* Begin PBXNativeTarget section */
		82009DDD2A988FCD009B715B /* WatchApp */ = {
			isa = PBXNativeTarget;
			buildConfigurationList = 82009E082A988FCF009B715B /* Build configuration list for PBXNativeTarget "WatchApp" */;
			buildPhases = (
				82009DDA2A988FCD009B715B /* Sources */,
				82009DDB2A988FCD009B715B /* Frameworks */,
				82009DDC2A988FCD009B715B /* Resources */,
			);
			buildRules = (
			);
			dependencies = (
			);
			name = WatchApp;
			productName = WatchApp;
			productReference = 82009DDE2A988FCD009B715B /* WatchApp.app */;
			productType = "com.apple.product-type.application";
		};
		82009DF32A988FCF009B715B /* WatchAppTests */ = {
			isa = PBXNativeTarget;
			buildConfigurationList = 82009E0B2A988FCF009B715B /* Build configuration list for PBXNativeTarget "WatchAppTests" */;
			buildPhases = (
				82009DF02A988FCF009B715B /* Sources */,
				82009DF12A988FCF009B715B /* Frameworks */,
				82009DF22A988FCF009B715B /* Resources */,
			);
			buildRules = (
			);
			dependencies = (
				82009DF62A988FCF009B715B /* PBXTargetDependency */,
			);
			name = WatchAppTests;
			productName = WatchAppTests;
			productReference = 82009DF42A988FCF009B715B /* WatchAppTests.xctest */;
			productType = "com.apple.product-type.bundle.unit-test";
		};
		82009DFD2A988FCF009B715B /* WatchAppUITests */ = {
			isa = PBXNativeTarget;
			buildConfigurationList = 82009E0E2A988FCF009B715B /* Build configuration list for PBXNativeTarget "WatchAppUITests" */;
			buildPhases = (
				82009DFA2A988FCF009B715B /* Sources */,
				82009DFB2A988FCF009B715B /* Frameworks */,
				82009DFC2A988FCF009B715B /* Resources */,
			);
			buildRules = (
			);
			dependencies = (
				82009E002A988FCF009B715B /* PBXTargetDependency */,
			);
			name = WatchAppUITests;
			productName = WatchAppUITests;
			productReference = 82009DFE2A988FCF009B715B /* WatchAppUITests.xctest */;
			productType = "com.apple.product-type.bundle.ui-testing";
		};
/* End PBXNativeTarget section */

/* Begin PBXProject section */
		82009DD62A988FCD009B715B /* Project object */ = {
			isa = PBXProject;
			attributes = {
				BuildIndependentTargetsInParallel = 1;
				LastSwiftUpdateCheck = 1420;
				LastUpgradeCheck = 1420;
				TargetAttributes = {
					82009DDD2A988FCD009B715B = {
						CreatedOnToolsVersion = 14.2;
					};
					82009DF32A988FCF009B715B = {
						CreatedOnToolsVersion = 14.2;
						TestTargetID = 82009DDD2A988FCD009B715B;
					};
					82009DFD2A988FCF009B715B = {
						CreatedOnToolsVersion = 14.2;
						TestTargetID = 82009DDD2A988FCD009B715B;
					};
				};
			};
			buildConfigurationList = 82009DD92A988FCD009B715B /* Build configuration list for PBXProject "WatchApp" */;
			compatibilityVersion = "Xcode 14.0";
			developmentRegion = en;
			hasScannedForEncodings = 0;
			knownRegions = (
				en,
				Base,
			);
			mainGroup = 82009DD52A988FCD009B715B;
			productRefGroup = 82009DDF2A988FCD009B715B /* Products */;
			projectDirPath = "";
			projectRoot = "";
			targets = (
				82009DDD2A988FCD009B715B /* WatchApp */,
				82009DF32A988FCF009B715B /* WatchAppTests */,
				82009DFD2A988FCF009B715B /* WatchAppUITests */,
			);
		};
/* End PBXProject section */

/* Begin PBXResourcesBuildPhase section */
		82009DDC2A988FCD009B715B /* Resources */ = {
			isa = PBXResourcesBuildPhase;
			buildActionMask = 2147483647;
			files = (
				82B7CA2F2A98B71A009F946F /* MovieDetailsViewController.xib in Resources */,
				82B7CA362A98BD7C009F946F /* MovieTableViewCell.xib in Resources */,
				82009DEE2A988FCF009B715B /* LaunchScreen.storyboard in Resources */,
				82009DEB2A988FCF009B715B /* Assets.xcassets in Resources */,
				82009E172A9893A8009B715B /* HomeViewController.xib in Resources */,
			);
			runOnlyForDeploymentPostprocessing = 0;
		};
		82009DF22A988FCF009B715B /* Resources */ = {
			isa = PBXResourcesBuildPhase;
			buildActionMask = 2147483647;
			files = (
			);
			runOnlyForDeploymentPostprocessing = 0;
		};
		82009DFC2A988FCF009B715B /* Resources */ = {
			isa = PBXResourcesBuildPhase;
			buildActionMask = 2147483647;
			files = (
			);
			runOnlyForDeploymentPostprocessing = 0;
		};
/* End PBXResourcesBuildPhase section */

/* Begin PBXSourcesBuildPhase section */
		82009DDA2A988FCD009B715B /* Sources */ = {
			isa = PBXSourcesBuildPhase;
			buildActionMask = 2147483647;
			files = (
				82009E1D2A989520009B715B /* Movie.swift in Sources */,
				82B7CA322A98B76A009F946F /* MovieDetailsViewControllerViewModel.swift in Sources */,
				82009E162A9893A8009B715B /* HomeViewController.swift in Sources */,
				82B7CA2E2A98B71A009F946F /* MovieDetailsViewController.swift in Sources */,
				82009E122A989317009B715B /* AppDependencies.swift in Sources */,
				82B7CA2A2A98B4C0009F946F /* Routing.swift in Sources */,
				82009E252A98985C009B715B /* URLSessionHTTPClient.swift in Sources */,
				82009E262A98985C009B715B /* NetworkingServiceError.swift in Sources */,
				82009E282A98985C009B715B /* HTTPClient.swift in Sources */,
				82009E302A989FED009B715B /* TheMDBManagerProtocol.swift in Sources */,
				82009E2E2A989FD4009B715B /* TheMDBApiServiceProtocol.swift in Sources */,
				82009E1B2A9894FE009B715B /* MovieResponse.swift in Sources */,
				82B7CA3A2A98DCE0009F946F /* Extensions.swift in Sources */,
				82009DE22A988FCD009B715B /* AppDelegate.swift in Sources */,
				82009DE42A988FCD009B715B /* SceneDelegate.swift in Sources */,
				82B7CA352A98BD7C009F946F /* MovieTableViewCell.swift in Sources */,
				82B7CA292A98B4C0009F946F /* HomeViewRouter.swift in Sources */,
				82009E292A98985C009B715B /* GenericDecoder.swift in Sources */,
				82B7CA1F2A98A8C3009F946F /* HomeViewControllerViewModel.swift in Sources */,
				82009E272A98985C009B715B /* DTO.swift in Sources */,
				82B7CA3C2A98DD50009F946F /* OnDiskImageCaching.swift in Sources */,
			);
			runOnlyForDeploymentPostprocessing = 0;
		};
		82009DF02A988FCF009B715B /* Sources */ = {
			isa = PBXSourcesBuildPhase;
			buildActionMask = 2147483647;
			files = (
				82009DF92A988FCF009B715B /* WatchAppTests.swift in Sources */,
			);
			runOnlyForDeploymentPostprocessing = 0;
		};
		82009DFA2A988FCF009B715B /* Sources */ = {
			isa = PBXSourcesBuildPhase;
			buildActionMask = 2147483647;
			files = (
				82009E052A988FCF009B715B /* WatchAppUITestsLaunchTests.swift in Sources */,
				82009E032A988FCF009B715B /* WatchAppUITests.swift in Sources */,
			);
			runOnlyForDeploymentPostprocessing = 0;
		};
/* End PBXSourcesBuildPhase section */

/* Begin PBXTargetDependency section */
		82009DF62A988FCF009B715B /* PBXTargetDependency */ = {
			isa = PBXTargetDependency;
			target = 82009DDD2A988FCD009B715B /* WatchApp */;
			targetProxy = 82009DF52A988FCF009B715B /* PBXContainerItemProxy */;
		};
		82009E002A988FCF009B715B /* PBXTargetDependency */ = {
			isa = PBXTargetDependency;
			target = 82009DDD2A988FCD009B715B /* WatchApp */;
			targetProxy = 82009DFF2A988FCF009B715B /* PBXContainerItemProxy */;
		};
/* End PBXTargetDependency section */

/* Begin PBXVariantGroup section */
		82009DEC2A988FCF009B715B /* LaunchScreen.storyboard */ = {
			isa = PBXVariantGroup;
			children = (
				82009DED2A988FCF009B715B /* Base */,
			);
			name = LaunchScreen.storyboard;
			sourceTree = "<group>";
		};
/* End PBXVariantGroup section */

/* Begin XCBuildConfiguration section */
		82009E062A988FCF009B715B /* Debug */ = {
			isa = XCBuildConfiguration;
			buildSettings = {
				ALWAYS_SEARCH_USER_PATHS = NO;
				CLANG_ANALYZER_NONNULL = YES;
				CLANG_ANALYZER_NUMBER_OBJECT_CONVERSION = YES_AGGRESSIVE;
				CLANG_CXX_LANGUAGE_STANDARD = "gnu++20";
				CLANG_ENABLE_MODULES = YES;
				CLANG_ENABLE_OBJC_ARC = YES;
				CLANG_ENABLE_OBJC_WEAK = YES;
				CLANG_WARN_BLOCK_CAPTURE_AUTORELEASING = YES;
				CLANG_WARN_BOOL_CONVERSION = YES;
				CLANG_WARN_COMMA = YES;
				CLANG_WARN_CONSTANT_CONVERSION = YES;
				CLANG_WARN_DEPRECATED_OBJC_IMPLEMENTATIONS = YES;
				CLANG_WARN_DIRECT_OBJC_ISA_USAGE = YES_ERROR;
				CLANG_WARN_DOCUMENTATION_COMMENTS = YES;
				CLANG_WARN_EMPTY_BODY = YES;
				CLANG_WARN_ENUM_CONVERSION = YES;
				CLANG_WARN_INFINITE_RECURSION = YES;
				CLANG_WARN_INT_CONVERSION = YES;
				CLANG_WARN_NON_LITERAL_NULL_CONVERSION = YES;
				CLANG_WARN_OBJC_IMPLICIT_RETAIN_SELF = YES;
				CLANG_WARN_OBJC_LITERAL_CONVERSION = YES;
				CLANG_WARN_OBJC_ROOT_CLASS = YES_ERROR;
				CLANG_WARN_QUOTED_INCLUDE_IN_FRAMEWORK_HEADER = YES;
				CLANG_WARN_RANGE_LOOP_ANALYSIS = YES;
				CLANG_WARN_STRICT_PROTOTYPES = YES;
				CLANG_WARN_SUSPICIOUS_MOVE = YES;
				CLANG_WARN_UNGUARDED_AVAILABILITY = YES_AGGRESSIVE;
				CLANG_WARN_UNREACHABLE_CODE = YES;
				CLANG_WARN__DUPLICATE_METHOD_MATCH = YES;
				COPY_PHASE_STRIP = NO;
				DEBUG_INFORMATION_FORMAT = dwarf;
				ENABLE_STRICT_OBJC_MSGSEND = YES;
				ENABLE_TESTABILITY = YES;
				GCC_C_LANGUAGE_STANDARD = gnu11;
				GCC_DYNAMIC_NO_PIC = NO;
				GCC_NO_COMMON_BLOCKS = YES;
				GCC_OPTIMIZATION_LEVEL = 0;
				GCC_PREPROCESSOR_DEFINITIONS = (
					"DEBUG=1",
					"$(inherited)",
				);
				GCC_WARN_64_TO_32_BIT_CONVERSION = YES;
				GCC_WARN_ABOUT_RETURN_TYPE = YES_ERROR;
				GCC_WARN_UNDECLARED_SELECTOR = YES;
				GCC_WARN_UNINITIALIZED_AUTOS = YES_AGGRESSIVE;
				GCC_WARN_UNUSED_FUNCTION = YES;
				GCC_WARN_UNUSED_VARIABLE = YES;
				IPHONEOS_DEPLOYMENT_TARGET = 16.2;
				MTL_ENABLE_DEBUG_INFO = INCLUDE_SOURCE;
				MTL_FAST_MATH = YES;
				ONLY_ACTIVE_ARCH = YES;
				SDKROOT = iphoneos;
				SWIFT_ACTIVE_COMPILATION_CONDITIONS = DEBUG;
				SWIFT_OPTIMIZATION_LEVEL = "-Onone";
			};
			name = Debug;
		};
		82009E072A988FCF009B715B /* Release */ = {
			isa = XCBuildConfiguration;
			buildSettings = {
				ALWAYS_SEARCH_USER_PATHS = NO;
				CLANG_ANALYZER_NONNULL = YES;
				CLANG_ANALYZER_NUMBER_OBJECT_CONVERSION = YES_AGGRESSIVE;
				CLANG_CXX_LANGUAGE_STANDARD = "gnu++20";
				CLANG_ENABLE_MODULES = YES;
				CLANG_ENABLE_OBJC_ARC = YES;
				CLANG_ENABLE_OBJC_WEAK = YES;
				CLANG_WARN_BLOCK_CAPTURE_AUTORELEASING = YES;
				CLANG_WARN_BOOL_CONVERSION = YES;
				CLANG_WARN_COMMA = YES;
				CLANG_WARN_CONSTANT_CONVERSION = YES;
				CLANG_WARN_DEPRECATED_OBJC_IMPLEMENTATIONS = YES;
				CLANG_WARN_DIRECT_OBJC_ISA_USAGE = YES_ERROR;
				CLANG_WARN_DOCUMENTATION_COMMENTS = YES;
				CLANG_WARN_EMPTY_BODY = YES;
				CLANG_WARN_ENUM_CONVERSION = YES;
				CLANG_WARN_INFINITE_RECURSION = YES;
				CLANG_WARN_INT_CONVERSION = YES;
				CLANG_WARN_NON_LITERAL_NULL_CONVERSION = YES;
				CLANG_WARN_OBJC_IMPLICIT_RETAIN_SELF = YES;
				CLANG_WARN_OBJC_LITERAL_CONVERSION = YES;
				CLANG_WARN_OBJC_ROOT_CLASS = YES_ERROR;
				CLANG_WARN_QUOTED_INCLUDE_IN_FRAMEWORK_HEADER = YES;
				CLANG_WARN_RANGE_LOOP_ANALYSIS = YES;
				CLANG_WARN_STRICT_PROTOTYPES = YES;
				CLANG_WARN_SUSPICIOUS_MOVE = YES;
				CLANG_WARN_UNGUARDED_AVAILABILITY = YES_AGGRESSIVE;
				CLANG_WARN_UNREACHABLE_CODE = YES;
				CLANG_WARN__DUPLICATE_METHOD_MATCH = YES;
				COPY_PHASE_STRIP = NO;
				DEBUG_INFORMATION_FORMAT = "dwarf-with-dsym";
				ENABLE_NS_ASSERTIONS = NO;
				ENABLE_STRICT_OBJC_MSGSEND = YES;
				GCC_C_LANGUAGE_STANDARD = gnu11;
				GCC_NO_COMMON_BLOCKS = YES;
				GCC_WARN_64_TO_32_BIT_CONVERSION = YES;
				GCC_WARN_ABOUT_RETURN_TYPE = YES_ERROR;
				GCC_WARN_UNDECLARED_SELECTOR = YES;
				GCC_WARN_UNINITIALIZED_AUTOS = YES_AGGRESSIVE;
				GCC_WARN_UNUSED_FUNCTION = YES;
				GCC_WARN_UNUSED_VARIABLE = YES;
				IPHONEOS_DEPLOYMENT_TARGET = 16.2;
				MTL_ENABLE_DEBUG_INFO = NO;
				MTL_FAST_MATH = YES;
				SDKROOT = iphoneos;
				SWIFT_COMPILATION_MODE = wholemodule;
				SWIFT_OPTIMIZATION_LEVEL = "-O";
				VALIDATE_PRODUCT = YES;
			};
			name = Release;
		};
		82009E092A988FCF009B715B /* Debug */ = {
			isa = XCBuildConfiguration;
			buildSettings = {
				ASSETCATALOG_COMPILER_APPICON_NAME = AppIcon;
				ASSETCATALOG_COMPILER_GLOBAL_ACCENT_COLOR_NAME = AccentColor;
				CODE_SIGN_STYLE = Automatic;
				CURRENT_PROJECT_VERSION = 1;
				GENERATE_INFOPLIST_FILE = YES;
				INFOPLIST_FILE = WatchApp/Info.plist;
				INFOPLIST_KEY_UIApplicationSupportsIndirectInputEvents = YES;
				INFOPLIST_KEY_UILaunchStoryboardName = LaunchScreen;
				INFOPLIST_KEY_UIMainStoryboardFile = "";
				INFOPLIST_KEY_UISupportedInterfaceOrientations_iPad = "UIInterfaceOrientationPortrait UIInterfaceOrientationPortraitUpsideDown UIInterfaceOrientationLandscapeLeft UIInterfaceOrientationLandscapeRight";
				INFOPLIST_KEY_UISupportedInterfaceOrientations_iPhone = "UIInterfaceOrientationPortrait UIInterfaceOrientationLandscapeLeft UIInterfaceOrientationLandscapeRight";
				LD_RUNPATH_SEARCH_PATHS = (
					"$(inherited)",
					"@executable_path/Frameworks",
				);
				MARKETING_VERSION = 1.0;
				PRODUCT_BUNDLE_IDENTIFIER = Mobelite.WatchApp;
				PRODUCT_NAME = "$(TARGET_NAME)";
				SWIFT_EMIT_LOC_STRINGS = YES;
				SWIFT_VERSION = 5.0;
				TARGETED_DEVICE_FAMILY = "1,2";
			};
			name = Debug;
		};
		82009E0A2A988FCF009B715B /* Release */ = {
			isa = XCBuildConfiguration;
			buildSettings = {
				ASSETCATALOG_COMPILER_APPICON_NAME = AppIcon;
				ASSETCATALOG_COMPILER_GLOBAL_ACCENT_COLOR_NAME = AccentColor;
				CODE_SIGN_STYLE = Automatic;
				CURRENT_PROJECT_VERSION = 1;
				GENERATE_INFOPLIST_FILE = YES;
				INFOPLIST_FILE = WatchApp/Info.plist;
				INFOPLIST_KEY_UIApplicationSupportsIndirectInputEvents = YES;
				INFOPLIST_KEY_UILaunchStoryboardName = LaunchScreen;
				INFOPLIST_KEY_UIMainStoryboardFile = "";
				INFOPLIST_KEY_UISupportedInterfaceOrientations_iPad = "UIInterfaceOrientationPortrait UIInterfaceOrientationPortraitUpsideDown UIInterfaceOrientationLandscapeLeft UIInterfaceOrientationLandscapeRight";
				INFOPLIST_KEY_UISupportedInterfaceOrientations_iPhone = "UIInterfaceOrientationPortrait UIInterfaceOrientationLandscapeLeft UIInterfaceOrientationLandscapeRight";
				LD_RUNPATH_SEARCH_PATHS = (
					"$(inherited)",
					"@executable_path/Frameworks",
				);
				MARKETING_VERSION = 1.0;
				PRODUCT_BUNDLE_IDENTIFIER = Mobelite.WatchApp;
				PRODUCT_NAME = "$(TARGET_NAME)";
				SWIFT_EMIT_LOC_STRINGS = YES;
				SWIFT_VERSION = 5.0;
				TARGETED_DEVICE_FAMILY = "1,2";
			};
			name = Release;
		};
		82009E0C2A988FCF009B715B /* Debug */ = {
			isa = XCBuildConfiguration;
			buildSettings = {
				ALWAYS_EMBED_SWIFT_STANDARD_LIBRARIES = YES;
				BUNDLE_LOADER = "$(TEST_HOST)";
				CODE_SIGN_STYLE = Automatic;
				CURRENT_PROJECT_VERSION = 1;
				GENERATE_INFOPLIST_FILE = YES;
				IPHONEOS_DEPLOYMENT_TARGET = 16.2;
				MARKETING_VERSION = 1.0;
				PRODUCT_BUNDLE_IDENTIFIER = Mobelite.WatchAppTests;
				PRODUCT_NAME = "$(TARGET_NAME)";
				SWIFT_EMIT_LOC_STRINGS = NO;
				SWIFT_VERSION = 5.0;
				TARGETED_DEVICE_FAMILY = "1,2";
				TEST_HOST = "$(BUILT_PRODUCTS_DIR)/WatchApp.app/$(BUNDLE_EXECUTABLE_FOLDER_PATH)/WatchApp";
			};
			name = Debug;
		};
		82009E0D2A988FCF009B715B /* Release */ = {
			isa = XCBuildConfiguration;
			buildSettings = {
				ALWAYS_EMBED_SWIFT_STANDARD_LIBRARIES = YES;
				BUNDLE_LOADER = "$(TEST_HOST)";
				CODE_SIGN_STYLE = Automatic;
				CURRENT_PROJECT_VERSION = 1;
				GENERATE_INFOPLIST_FILE = YES;
				IPHONEOS_DEPLOYMENT_TARGET = 16.2;
				MARKETING_VERSION = 1.0;
				PRODUCT_BUNDLE_IDENTIFIER = Mobelite.WatchAppTests;
				PRODUCT_NAME = "$(TARGET_NAME)";
				SWIFT_EMIT_LOC_STRINGS = NO;
				SWIFT_VERSION = 5.0;
				TARGETED_DEVICE_FAMILY = "1,2";
				TEST_HOST = "$(BUILT_PRODUCTS_DIR)/WatchApp.app/$(BUNDLE_EXECUTABLE_FOLDER_PATH)/WatchApp";
			};
			name = Release;
		};
		82009E0F2A988FCF009B715B /* Debug */ = {
			isa = XCBuildConfiguration;
			buildSettings = {
				ALWAYS_EMBED_SWIFT_STANDARD_LIBRARIES = YES;
				CODE_SIGN_STYLE = Automatic;
				CURRENT_PROJECT_VERSION = 1;
				GENERATE_INFOPLIST_FILE = YES;
				MARKETING_VERSION = 1.0;
				PRODUCT_BUNDLE_IDENTIFIER = Mobelite.WatchAppUITests;
				PRODUCT_NAME = "$(TARGET_NAME)";
				SWIFT_EMIT_LOC_STRINGS = NO;
				SWIFT_VERSION = 5.0;
				TARGETED_DEVICE_FAMILY = "1,2";
				TEST_TARGET_NAME = WatchApp;
			};
			name = Debug;
		};
		82009E102A988FCF009B715B /* Release */ = {
			isa = XCBuildConfiguration;
			buildSettings = {
				ALWAYS_EMBED_SWIFT_STANDARD_LIBRARIES = YES;
				CODE_SIGN_STYLE = Automatic;
				CURRENT_PROJECT_VERSION = 1;
				GENERATE_INFOPLIST_FILE = YES;
				MARKETING_VERSION = 1.0;
				PRODUCT_BUNDLE_IDENTIFIER = Mobelite.WatchAppUITests;
				PRODUCT_NAME = "$(TARGET_NAME)";
				SWIFT_EMIT_LOC_STRINGS = NO;
				SWIFT_VERSION = 5.0;
				TARGETED_DEVICE_FAMILY = "1,2";
				TEST_TARGET_NAME = WatchApp;
			};
			name = Release;
		};
/* End XCBuildConfiguration section */

/* Begin XCConfigurationList section */
		82009DD92A988FCD009B715B /* Build configuration list for PBXProject "WatchApp" */ = {
			isa = XCConfigurationList;
			buildConfigurations = (
				82009E062A988FCF009B715B /* Debug */,
				82009E072A988FCF009B715B /* Release */,
			);
			defaultConfigurationIsVisible = 0;
			defaultConfigurationName = Release;
		};
		82009E082A988FCF009B715B /* Build configuration list for PBXNativeTarget "WatchApp" */ = {
			isa = XCConfigurationList;
			buildConfigurations = (
				82009E092A988FCF009B715B /* Debug */,
				82009E0A2A988FCF009B715B /* Release */,
			);
			defaultConfigurationIsVisible = 0;
			defaultConfigurationName = Release;
		};
		82009E0B2A988FCF009B715B /* Build configuration list for PBXNativeTarget "WatchAppTests" */ = {
			isa = XCConfigurationList;
			buildConfigurations = (
				82009E0C2A988FCF009B715B /* Debug */,
				82009E0D2A988FCF009B715B /* Release */,
			);
			defaultConfigurationIsVisible = 0;
			defaultConfigurationName = Release;
		};
		82009E0E2A988FCF009B715B /* Build configuration list for PBXNativeTarget "WatchAppUITests" */ = {
			isa = XCConfigurationList;
			buildConfigurations = (
				82009E0F2A988FCF009B715B /* Debug */,
				82009E102A988FCF009B715B /* Release */,
			);
			defaultConfigurationIsVisible = 0;
			defaultConfigurationName = Release;
		};
/* End XCConfigurationList section */
	};
	rootObject = 82009DD62A988FCD009B715B /* Project object */;
}
