// !$*UTF8*$!
{
	archiveVersion = 1;
	classes = {
	};
	objectVersion = 56;
	objects = {

/* Begin PBXBuildFile section */
		82009DE22A988FCD009B715B /* AppDelegate.swift in Sources */ = {isa = PBXBuildFile; fileRef = 82009DE12A988FCD009B715B /* AppDelegate.swift */; };
		82009DE42A988FCD009B715B /* SceneDelegate.swift in Sources */ = {isa = PBXBuildFile; fileRef = 82009DE32A988FCD009B715B /* SceneDelegate.swift */; };
		82009DE62A988FCD009B715B /* ViewController.swift in Sources */ = {isa = PBXBuildFile; fileRef = 82009DE52A988FCD009B715B /* ViewController.swift */; };
		82009DE92A988FCD009B715B /* Main.storyboard in Resources */ = {isa = PBXBuildFile; fileRef = 82009DE72A988FCD009B715B /* Main.storyboard */; };
		82009DEB2A988FCF009B715B /* Assets.xcassets in Resources */ = {isa = PBXBuildFile; fileRef = 82009DEA2A988FCF009B715B /* Assets.xcassets */; };
		82009DEE2A988FCF009B715B /* LaunchScreen.storyboard in Resources */ = {isa = PBXBuildFile; fileRef = 82009DEC2A988FCF009B715B /* LaunchScreen.storyboard */; };
		82009DF92A988FCF009B715B /* WatchAppTests.swift in Sources */ = {isa = PBXBuildFile; fileRef = 82009DF82A988FCF009B715B /* WatchAppTests.swift */; };
		82009E032A988FCF009B715B /* WatchAppUITests.swift in Sources */ = {isa = PBXBuildFile; fileRef = 82009E022A988FCF009B715B /* WatchAppUITests.swift */; };
		82009E052A988FCF009B715B /* WatchAppUITestsLaunchTests.swift in Sources */ = {isa = PBXBuildFile; fileRef = 82009E042A988FCF009B715B /* WatchAppUITestsLaunchTests.swift */; };
/* End PBXBuildFile section */

/* Begin PBXContainerItemProxy section */
		82009DF52A988FCF009B715B /* PBXContainerItemProxy */ = {
			isa = PBXContainerItemProxy;
			containerPortal = 82009DD62A988FCD009B715B /* Project object */;
			proxyType = 1;
			remoteGlobalIDString = 82009DDD2A988FCD009B715B;
			remoteInfo = WatchApp;
		};
		82009DFF2A988FCF009B715B /* PBXContainerItemProxy */ = {
			isa = PBXContainerItemProxy;
			containerPortal = 82009DD62A988FCD009B715B /* Project object */;
			proxyType = 1;
			remoteGlobalIDString = 82009DDD2A988FCD009B715B;
			remoteInfo = WatchApp;
		};
/* End PBXContainerItemProxy section */

/* Begin PBXFileReference section */
		82009DDE2A988FCD009B715B /* WatchApp.app */ = {isa = PBXFileReference; explicitFileType = wrapper.application; includeInIndex = 0; path = WatchApp.app; sourceTree = BUILT_PRODUCTS_DIR; };
		82009DE12A988FCD009B715B /* AppDelegate.swift */ = {isa = PBXFileReference; lastKnownFileType = sourcecode.swift; path = AppDelegate.swift; sourceTree = "<group>"; };
		82009DE32A988FCD009B715B /* SceneDelegate.swift */ = {isa = PBXFileReference; lastKnownFileType = sourcecode.swift; path = SceneDelegate.swift; sourceTree = "<group>"; };
		82009DE52A988FCD009B715B /* ViewController.swift */ = {isa = PBXFileReference; lastKnownFileType = sourcecode.swift; path = ViewController.swift; sourceTree = "<group>"; };
		82009DE82A988FCD009B715B /* Base */ = {isa = PBXFileReference; lastKnownFileType = file.storyboard; name = Base; path = Base.lproj/Main.storyboard; sourceTree = "<group>"; };
		82009DEA2A988FCF009B715B /* Assets.xcassets */ = {isa = PBXFileReference; lastKnownFileType = folder.assetcatalog; path = Assets.xcassets; sourceTree = "<group>"; };
		82009DED2A988FCF009B715B /* Base */ = {isa = PBXFileReference; lastKnownFileType = file.storyboard; name = Base; path = Base.lproj/LaunchScreen.storyboard; sourceTree = "<group>"; };
		82009DEF2A988FCF009B715B /* Info.plist */ = {isa = PBXFileReference; lastKnownFileType = text.plist.xml; path = Info.plist; sourceTree = "<group>"; };
		82009DF42A988FCF009B715B /* WatchAppTests.xctest */ = {isa = PBXFileReference; explicitFileType = wrapper.cfbundle; includeInIndex = 0; path = WatchAppTests.xctest; sourceTree = BUILT_PRODUCTS_DIR; };
		82009DF82A988FCF009B715B /* WatchAppTests.swift */ = {isa = PBXFileReference; lastKnownFileType = sourcecode.swift; path = WatchAppTests.swift; sourceTree = "<group>"; };
		82009DFE2A988FCF009B715B /* WatchAppUITests.xctest */ = {isa = PBXFileReference; explicitFileType = wrapper.cfbundle; includeInIndex = 0; path = WatchAppUITests.xctest; sourceTree = BUILT_PRODUCTS_DIR; };
		82009E022A988FCF009B715B /* WatchAppUITests.swift */ = {isa = PBXFileReference; lastKnownFileType = sourcecode.swift; path = WatchAppUITests.swift; sourceTree = "<group>"; };
		82009E042A988FCF009B715B /* WatchAppUITestsLaunchTests.swift */ = {isa = PBXFileReference; lastKnownFileType = sourcecode.swift; path = WatchAppUITestsLaunchTests.swift; sourceTree = "<group>"; };
/* End PBXFileReference section */

/* Begin PBXFrameworksBuildPhase section */
		82009DDB2A988FCD009B715B /* Frameworks */ = {
			isa = PBXFrameworksBuildPhase;
			buildActionMask = 2147483647;
			files = (
			);
			runOnlyForDeploymentPostprocessing = 0;
		};
		82009DF12A988FCF009B715B /* Frameworks */ = {
			isa = PBXFrameworksBuildPhase;
			buildActionMask = 2147483647;
			files = (
			);
			runOnlyForDeploymentPostprocessing = 0;
		};
		82009DFB2A988FCF009B715B /* Frameworks */ = {
			isa = PBXFrameworksBuildPhase;
			buildActionMask = 2147483647;
			files = (
			);
			runOnlyForDeploymentPostprocessing = 0;
		};
/* End PBXFrameworksBuildPhase section */

/* Begin PBXGroup section */
		82009DD52A988FCD009B715B = {
			isa = PBXGroup;
			children = (
				82009DE02A988FCD009B715B /* WatchApp */,
				82009DF72A988FCF009B715B /* WatchAppTests */,
				82009E012A988FCF009B715B /* WatchAppUITests */,
				82009DDF2A988FCD009B715B /* Products */,
			);
			sourceTree = "<group>";
		};
		82009DDF2A988FCD009B715B /* Products */ = {
			isa = PBXGroup;
			children = (
				82009DDE2A988FCD009B715B /* WatchApp.app */,
				82009DF42A988FCF009B715B /* WatchAppTests.xctest */,
				82009DFE2A988FCF009B715B /* WatchAppUITests.xctest */,
			);
			name = Products;
			sourceTree = "<group>";
		};
		82009DE02A988FCD009B715B /* WatchApp */ = {
			isa = PBXGroup;
			children = (
				82009DE12A988FCD009B715B /* AppDelegate.swift */,
				82009DE32A988FCD009B715B /* SceneDelegate.swift */,
				82009DE52A988FCD009B715B /* ViewController.swift */,
				82009DE72A988FCD009B715B /* Main.storyboard */,
				82009DEA2A988FCF009B715B /* Assets.xcassets */,
				82009DEC2A988FCF009B715B /* LaunchScreen.storyboard */,
				82009DEF2A988FCF009B715B /* Info.plist */,
			);
			path = WatchApp;
			sourceTree = "<group>";
		};
		82009DF72A988FCF009B715B /* WatchAppTests */ = {
			isa = PBXGroup;
			children = (
				82009DF82A988FCF009B715B /* WatchAppTests.swift */,
			);
			path = WatchAppTests;
			sourceTree = "<group>";
		};
		82009E012A988FCF009B715B /* WatchAppUITests */ = {
			isa = PBXGroup;
			children = (
				82009E022A988FCF009B715B /* WatchAppUITests.swift */,
				82009E042A988FCF009B715B /* WatchAppUITestsLaunchTests.swift */,
			);
			path = WatchAppUITests;
			sourceTree = "<group>";
		};
/* End PBXGroup section */

/* Begin PBXNativeTarget section */
		82009DDD2A988FCD009B715B /* WatchApp */ = {
			isa = PBXNativeTarget;
			buildConfigurationList = 82009E082A988FCF009B715B /* Build configuration list for PBXNativeTarget "WatchApp" */;
			buildPhases = (
				82009DDA2A988FCD009B715B /* Sources */,
				82009DDB2A988FCD009B715B /* Frameworks */,
				82009DDC2A988FCD009B715B /* Resources */,
			);
			buildRules = (
			);
			dependencies = (
			);
			name = WatchApp;
			productName = WatchApp;
			productReference = 82009DDE2A988FCD009B715B /* WatchApp.app */;
			productType = "com.apple.product-type.application";
		};
		82009DF32A988FCF009B715B /* WatchAppTests */ = {
			isa = PBXNativeTarget;
			buildConfigurationList = 82009E0B2A988FCF009B715B /* Build configuration list for PBXNativeTarget "WatchAppTests" */;
			buildPhases = (
				82009DF02A988FCF009B715B /* Sources */,
				82009DF12A988FCF009B715B /* Frameworks */,
				82009DF22A988FCF009B715B /* Resources */,
			);
			buildRules = (
			);
			dependencies = (
				82009DF62A988FCF009B715B /* PBXTargetDependency */,
			);
			name = WatchAppTests;
			productName = WatchAppTests;
			productReference = 82009DF42A988FCF009B715B /* WatchAppTests.xctest */;
			productType = "com.apple.product-type.bundle.unit-test";
		};
		82009DFD2A988FCF009B715B /* WatchAppUITests */ = {
			isa = PBXNativeTarget;
			buildConfigurationList = 82009E0E2A988FCF009B715B /* Build configuration list for PBXNativeTarget "WatchAppUITests" */;
			buildPhases = (
				82009DFA2A988FCF009B715B /* Sources */,
				82009DFB2A988FCF009B715B /* Frameworks */,
				82009DFC2A988FCF009B715B /* Resources */,
			);
			buildRules = (
			);
			dependencies = (
				82009E002A988FCF009B715B /* PBXTargetDependency */,
			);
			name = WatchAppUITests;
			productName = WatchAppUITests;
			productReference = 82009DFE2A988FCF009B715B /* WatchAppUITests.xctest */;
			productType = "com.apple.product-type.bundle.ui-testing";
		};
/* End PBXNativeTarget section */

/* Begin PBXProject section */
		82009DD62A988FCD009B715B /* Project object */ = {
			isa = PBXProject;
			attributes = {
				BuildIndependentTargetsInParallel = 1;
				LastSwiftUpdateCheck = 1420;
				LastUpgradeCheck = 1420;
				TargetAttributes = {
					82009DDD2A988FCD009B715B = {
						CreatedOnToolsVersion = 14.2;
					};
					82009DF32A988FCF009B715B = {
						CreatedOnToolsVersion = 14.2;
						TestTargetID = 82009DDD2A988FCD009B715B;
					};
					82009DFD2A988FCF009B715B = {
						CreatedOnToolsVersion = 14.2;
						TestTargetID = 82009DDD2A988FCD009B715B;
					};
				};
			};
			buildConfigurationList = 82009DD92A988FCD009B715B /* Build configuration list for PBXProject "WatchApp" */;
			compatibilityVersion = "Xcode 14.0";
			developmentRegion = en;
			hasScannedForEncodings = 0;
			knownRegions = (
				en,
				Base,
			);
			mainGroup = 82009DD52A988FCD009B715B;
			productRefGroup = 82009DDF2A988FCD009B715B /* Products */;
			projectDirPath = "";
			projectRoot = "";
			targets = (
				82009DDD2A988FCD009B715B /* WatchApp */,
				82009DF32A988FCF009B715B /* WatchAppTests */,
				82009DFD2A988FCF009B715B /* WatchAppUITests */,
			);
		};
/* End PBXProject section */

/* Begin PBXResourcesBuildPhase section */
		82009DDC2A988FCD009B715B /* Resources */ = {
			isa = PBXResourcesBuildPhase;
			buildActionMask = 2147483647;
			files = (
				82009DEE2A988FCF009B715B /* LaunchScreen.storyboard in Resources */,
				82009DEB2A988FCF009B715B /* Assets.xcassets in Resources */,
				82009DE92A988FCD009B715B /* Main.storyboard in Resources */,
			);
			runOnlyForDeploymentPostprocessing = 0;
		};
		82009DF22A988FCF009B715B /* Resources */ = {
			isa = PBXResourcesBuildPhase;
			buildActionMask = 2147483647;
			files = (
			);
			runOnlyForDeploymentPostprocessing = 0;
		};
		82009DFC2A988FCF009B715B /* Resources */ = {
			isa = PBXResourcesBuildPhase;
			buildActionMask = 2147483647;
			files = (
			);
			runOnlyForDeploymentPostprocessing = 0;
		};
/* End PBXResourcesBuildPhase section */

/* Begin PBXSourcesBuildPhase section */
		82009DDA2A988FCD009B715B /* Sources */ = {
			isa = PBXSourcesBuildPhase;
			buildActionMask = 2147483647;
			files = (
				82009DE62A988FCD009B715B /* ViewController.swift in Sources */,
				82009DE22A988FCD009B715B /* AppDelegate.swift in Sources */,
				82009DE42A988FCD009B715B /* SceneDelegate.swift in Sources */,
			);
			runOnlyForDeploymentPostprocessing = 0;
		};
		82009DF02A988FCF009B715B /* Sources */ = {
			isa = PBXSourcesBuildPhase;
			buildActionMask = 2147483647;
			files = (
				82009DF92A988FCF009B715B /* WatchAppTests.swift in Sources */,
			);
			runOnlyForDeploymentPostprocessing = 0;
		};
		82009DFA2A988FCF009B715B /* Sources */ = {
			isa = PBXSourcesBuildPhase;
			buildActionMask = 2147483647;
			files = (
				82009E052A988FCF009B715B /* WatchAppUITestsLaunchTests.swift in Sources */,
				82009E032A988FCF009B715B /* WatchAppUITests.swift in Sources */,
			);
			runOnlyForDeploymentPostprocessing = 0;
		};
/* End PBXSourcesBuildPhase section */

/* Begin PBXTargetDependency section */
		82009DF62A988FCF009B715B /* PBXTargetDependency */ = {
			isa = PBXTargetDependency;
			target = 82009DDD2A988FCD009B715B /* WatchApp */;
			targetProxy = 82009DF52A988FCF009B715B /* PBXContainerItemProxy */;
		};
		82009E002A988FCF009B715B /* PBXTargetDependency */ = {
			isa = PBXTargetDependency;
			target = 82009DDD2A988FCD009B715B /* WatchApp */;
			targetProxy = 82009DFF2A988FCF009B715B /* PBXContainerItemProxy */;
		};
/* End PBXTargetDependency section */

/* Begin PBXVariantGroup section */
		82009DE72A988FCD009B715B /* Main.storyboard */ = {
			isa = PBXVariantGroup;
			children = (
				82009DE82A988FCD009B715B /* Base */,
			);
			name = Main.storyboard;
			sourceTree = "<group>";
		};
		82009DEC2A988FCF009B715B /* LaunchScreen.storyboard */ = {
			isa = PBXVariantGroup;
			children = (
				82009DED2A988FCF009B715B /* Base */,
			);
			name = LaunchScreen.storyboard;
			sourceTree = "<group>";
		};
/* End PBXVariantGroup section */

/* Begin XCBuildConfiguration section */
		82009E062A988FCF009B715B /* Debug */ = {
			isa = XCBuildConfiguration;
			buildSettings = {
				ALWAYS_SEARCH_USER_PATHS = NO;
				CLANG_ANALYZER_NONNULL = YES;
				CLANG_ANALYZER_NUMBER_OBJECT_CONVERSION = YES_AGGRESSIVE;
				CLANG_CXX_LANGUAGE_STANDARD = "gnu++20";
				CLANG_ENABLE_MODULES = YES;
				CLANG_ENABLE_OBJC_ARC = YES;
				CLANG_ENABLE_OBJC_WEAK = YES;
				CLANG_WARN_BLOCK_CAPTURE_AUTORELEASING = YES;
				CLANG_WARN_BOOL_CONVERSION = YES;
				CLANG_WARN_COMMA = YES;
				CLANG_WARN_CONSTANT_CONVERSION = YES;
				CLANG_WARN_DEPRECATED_OBJC_IMPLEMENTATIONS = YES;
				CLANG_WARN_DIRECT_OBJC_ISA_USAGE = YES_ERROR;
				CLANG_WARN_DOCUMENTATION_COMMENTS = YES;
				CLANG_WARN_EMPTY_BODY = YES;
				CLANG_WARN_ENUM_CONVERSION = YES;
				CLANG_WARN_INFINITE_RECURSION = YES;
				CLANG_WARN_INT_CONVERSION = YES;
				CLANG_WARN_NON_LITERAL_NULL_CONVERSION = YES;
				CLANG_WARN_OBJC_IMPLICIT_RETAIN_SELF = YES;
				CLANG_WARN_OBJC_LITERAL_CONVERSION = YES;
				CLANG_WARN_OBJC_ROOT_CLASS = YES_ERROR;
				CLANG_WARN_QUOTED_INCLUDE_IN_FRAMEWORK_HEADER = YES;
				CLANG_WARN_RANGE_LOOP_ANALYSIS = YES;
				CLANG_WARN_STRICT_PROTOTYPES = YES;
				CLANG_WARN_SUSPICIOUS_MOVE = YES;
				CLANG_WARN_UNGUARDED_AVAILABILITY = YES_AGGRESSIVE;
				CLANG_WARN_UNREACHABLE_CODE = YES;
				CLANG_WARN__DUPLICATE_METHOD_MATCH = YES;
				COPY_PHASE_STRIP = NO;
				DEBUG_INFORMATION_FORMAT = dwarf;
				ENABLE_STRICT_OBJC_MSGSEND = YES;
				ENABLE_TESTABILITY = YES;
				GCC_C_LANGUAGE_STANDARD = gnu11;
				GCC_DYNAMIC_NO_PIC = NO;
				GCC_NO_COMMON_BLOCKS = YES;
				GCC_OPTIMIZATION_LEVEL = 0;
				GCC_PREPROCESSOR_DEFINITIONS = (
					"DEBUG=1",
					"$(inherited)",
				);
				GCC_WARN_64_TO_32_BIT_CONVERSION = YES;
				GCC_WARN_ABOUT_RETURN_TYPE = YES_ERROR;
				GCC_WARN_UNDECLARED_SELECTOR = YES;
				GCC_WARN_UNINITIALIZED_AUTOS = YES_AGGRESSIVE;
				GCC_WARN_UNUSED_FUNCTION = YES;
				GCC_WARN_UNUSED_VARIABLE = YES;
				IPHONEOS_DEPLOYMENT_TARGET = 16.2;
				MTL_ENABLE_DEBUG_INFO = INCLUDE_SOURCE;
				MTL_FAST_MATH = YES;
				ONLY_ACTIVE_ARCH = YES;
				SDKROOT = iphoneos;
				SWIFT_ACTIVE_COMPILATION_CONDITIONS = DEBUG;
				SWIFT_OPTIMIZATION_LEVEL = "-Onone";
			};
			name = Debug;
		};
		82009E072A988FCF009B715B /* Release */ = {
			isa = XCBuildConfiguration;
			buildSettings = {
				ALWAYS_SEARCH_USER_PATHS = NO;
				CLANG_ANALYZER_NONNULL = YES;
				CLANG_ANALYZER_NUMBER_OBJECT_CONVERSION = YES_AGGRESSIVE;
				CLANG_CXX_LANGUAGE_STANDARD = "gnu++20";
				CLANG_ENABLE_MODULES = YES;
				CLANG_ENABLE_OBJC_ARC = YES;
				CLANG_ENABLE_OBJC_WEAK = YES;
				CLANG_WARN_BLOCK_CAPTURE_AUTORELEASING = YES;
				CLANG_WARN_BOOL_CONVERSION = YES;
				CLANG_WARN_COMMA = YES;
				CLANG_WARN_CONSTANT_CONVERSION = YES;
				CLANG_WARN_DEPRECATED_OBJC_IMPLEMENTATIONS = YES;
				CLANG_WARN_DIRECT_OBJC_ISA_USAGE = YES_ERROR;
				CLANG_WARN_DOCUMENTATION_COMMENTS = YES;
				CLANG_WARN_EMPTY_BODY = YES;
				CLANG_WARN_ENUM_CONVERSION = YES;
				CLANG_WARN_INFINITE_RECURSION = YES;
				CLANG_WARN_INT_CONVERSION = YES;
				CLANG_WARN_NON_LITERAL_NULL_CONVERSION = YES;
				CLANG_WARN_OBJC_IMPLICIT_RETAIN_SELF = YES;
				CLANG_WARN_OBJC_LITERAL_CONVERSION = YES;
				CLANG_WARN_OBJC_ROOT_CLASS = YES_ERROR;
				CLANG_WARN_QUOTED_INCLUDE_IN_FRAMEWORK_HEADER = YES;
				CLANG_WARN_RANGE_LOOP_ANALYSIS = YES;
				CLANG_WARN_STRICT_PROTOTYPES = YES;
				CLANG_WARN_SUSPICIOUS_MOVE = YES;
				CLANG_WARN_UNGUARDED_AVAILABILITY = YES_AGGRESSIVE;
				CLANG_WARN_UNREACHABLE_CODE = YES;
				CLANG_WARN__DUPLICATE_METHOD_MATCH = YES;
				COPY_PHASE_STRIP = NO;
				DEBUG_INFORMATION_FORMAT = "dwarf-with-dsym";
				ENABLE_NS_ASSERTIONS = NO;
				ENABLE_STRICT_OBJC_MSGSEND = YES;
				GCC_C_LANGUAGE_STANDARD = gnu11;
				GCC_NO_COMMON_BLOCKS = YES;
				GCC_WARN_64_TO_32_BIT_CONVERSION = YES;
				GCC_WARN_ABOUT_RETURN_TYPE = YES_ERROR;
				GCC_WARN_UNDECLARED_SELECTOR = YES;
				GCC_WARN_UNINITIALIZED_AUTOS = YES_AGGRESSIVE;
				GCC_WARN_UNUSED_FUNCTION = YES;
				GCC_WARN_UNUSED_VARIABLE = YES;
				IPHONEOS_DEPLOYMENT_TARGET = 16.2;
				MTL_ENABLE_DEBUG_INFO = NO;
				MTL_FAST_MATH = YES;
				SDKROOT = iphoneos;
				SWIFT_COMPILATION_MODE = wholemodule;
				SWIFT_OPTIMIZATION_LEVEL = "-O";
				VALIDATE_PRODUCT = YES;
			};
			name = Release;
		};
		82009E092A988FCF009B715B /* Debug */ = {
			isa = XCBuildConfiguration;
			buildSettings = {
				ASSETCATALOG_COMPILER_APPICON_NAME = AppIcon;
				ASSETCATALOG_COMPILER_GLOBAL_ACCENT_COLOR_NAME = AccentColor;
				CODE_SIGN_STYLE = Automatic;
				CURRENT_PROJECT_VERSION = 1;
				GENERATE_INFOPLIST_FILE = YES;
				INFOPLIST_FILE = WatchApp/Info.plist;
				INFOPLIST_KEY_UIApplicationSupportsIndirectInputEvents = YES;
				INFOPLIST_KEY_UILaunchStoryboardName = LaunchScreen;
				INFOPLIST_KEY_UIMainStoryboardFile = Main;
				INFOPLIST_KEY_UISupportedInterfaceOrientations_iPad = "UIInterfaceOrientationPortrait UIInterfaceOrientationPortraitUpsideDown UIInterfaceOrientationLandscapeLeft UIInterfaceOrientationLandscapeRight";
				INFOPLIST_KEY_UISupportedInterfaceOrientations_iPhone = "UIInterfaceOrientationPortrait UIInterfaceOrientationLandscapeLeft UIInterfaceOrientationLandscapeRight";
				LD_RUNPATH_SEARCH_PATHS = (
					"$(inherited)",
					"@executable_path/Frameworks",
				);
				MARKETING_VERSION = 1.0;
				PRODUCT_BUNDLE_IDENTIFIER = Mobelite.WatchApp;
				PRODUCT_NAME = "$(TARGET_NAME)";
				SWIFT_EMIT_LOC_STRINGS = YES;
				SWIFT_VERSION = 5.0;
				TARGETED_DEVICE_FAMILY = "1,2";
			};
			name = Debug;
		};
		82009E0A2A988FCF009B715B /* Release */ = {
			isa = XCBuildConfiguration;
			buildSettings = {
				ASSETCATALOG_COMPILER_APPICON_NAME = AppIcon;
				ASSETCATALOG_COMPILER_GLOBAL_ACCENT_COLOR_NAME = AccentColor;
				CODE_SIGN_STYLE = Automatic;
				CURRENT_PROJECT_VERSION = 1;
				GENERATE_INFOPLIST_FILE = YES;
				INFOPLIST_FILE = WatchApp/Info.plist;
				INFOPLIST_KEY_UIApplicationSupportsIndirectInputEvents = YES;
				INFOPLIST_KEY_UILaunchStoryboardName = LaunchScreen;
				INFOPLIST_KEY_UIMainStoryboardFile = Main;
				INFOPLIST_KEY_UISupportedInterfaceOrientations_iPad = "UIInterfaceOrientationPortrait UIInterfaceOrientationPortraitUpsideDown UIInterfaceOrientationLandscapeLeft UIInterfaceOrientationLandscapeRight";
				INFOPLIST_KEY_UISupportedInterfaceOrientations_iPhone = "UIInterfaceOrientationPortrait UIInterfaceOrientationLandscapeLeft UIInterfaceOrientationLandscapeRight";
				LD_RUNPATH_SEARCH_PATHS = (
					"$(inherited)",
					"@executable_path/Frameworks",
				);
				MARKETING_VERSION = 1.0;
				PRODUCT_BUNDLE_IDENTIFIER = Mobelite.WatchApp;
				PRODUCT_NAME = "$(TARGET_NAME)";
				SWIFT_EMIT_LOC_STRINGS = YES;
				SWIFT_VERSION = 5.0;
				TARGETED_DEVICE_FAMILY = "1,2";
			};
			name = Release;
		};
		82009E0C2A988FCF009B715B /* Debug */ = {
			isa = XCBuildConfiguration;
			buildSettings = {
				ALWAYS_EMBED_SWIFT_STANDARD_LIBRARIES = YES;
				BUNDLE_LOADER = "$(TEST_HOST)";
				CODE_SIGN_STYLE = Automatic;
				CURRENT_PROJECT_VERSION = 1;
				GENERATE_INFOPLIST_FILE = YES;
				IPHONEOS_DEPLOYMENT_TARGET = 16.2;
				MARKETING_VERSION = 1.0;
				PRODUCT_BUNDLE_IDENTIFIER = Mobelite.WatchAppTests;
				PRODUCT_NAME = "$(TARGET_NAME)";
				SWIFT_EMIT_LOC_STRINGS = NO;
				SWIFT_VERSION = 5.0;
				TARGETED_DEVICE_FAMILY = "1,2";
				TEST_HOST = "$(BUILT_PRODUCTS_DIR)/WatchApp.app/$(BUNDLE_EXECUTABLE_FOLDER_PATH)/WatchApp";
			};
			name = Debug;
		};
		82009E0D2A988FCF009B715B /* Release */ = {
			isa = XCBuildConfiguration;
			buildSettings = {
				ALWAYS_EMBED_SWIFT_STANDARD_LIBRARIES = YES;
				BUNDLE_LOADER = "$(TEST_HOST)";
				CODE_SIGN_STYLE = Automatic;
				CURRENT_PROJECT_VERSION = 1;
				GENERATE_INFOPLIST_FILE = YES;
				IPHONEOS_DEPLOYMENT_TARGET = 16.2;
				MARKETING_VERSION = 1.0;
				PRODUCT_BUNDLE_IDENTIFIER = Mobelite.WatchAppTests;
				PRODUCT_NAME = "$(TARGET_NAME)";
				SWIFT_EMIT_LOC_STRINGS = NO;
				SWIFT_VERSION = 5.0;
				TARGETED_DEVICE_FAMILY = "1,2";
				TEST_HOST = "$(BUILT_PRODUCTS_DIR)/WatchApp.app/$(BUNDLE_EXECUTABLE_FOLDER_PATH)/WatchApp";
			};
			name = Release;
		};
		82009E0F2A988FCF009B715B /* Debug */ = {
			isa = XCBuildConfiguration;
			buildSettings = {
				ALWAYS_EMBED_SWIFT_STANDARD_LIBRARIES = YES;
				CODE_SIGN_STYLE = Automatic;
				CURRENT_PROJECT_VERSION = 1;
				GENERATE_INFOPLIST_FILE = YES;
				MARKETING_VERSION = 1.0;
				PRODUCT_BUNDLE_IDENTIFIER = Mobelite.WatchAppUITests;
				PRODUCT_NAME = "$(TARGET_NAME)";
				SWIFT_EMIT_LOC_STRINGS = NO;
				SWIFT_VERSION = 5.0;
				TARGETED_DEVICE_FAMILY = "1,2";
				TEST_TARGET_NAME = WatchApp;
			};
			name = Debug;
		};
		82009E102A988FCF009B715B /* Release */ = {
			isa = XCBuildConfiguration;
			buildSettings = {
				ALWAYS_EMBED_SWIFT_STANDARD_LIBRARIES = YES;
				CODE_SIGN_STYLE = Automatic;
				CURRENT_PROJECT_VERSION = 1;
				GENERATE_INFOPLIST_FILE = YES;
				MARKETING_VERSION = 1.0;
				PRODUCT_BUNDLE_IDENTIFIER = Mobelite.WatchAppUITests;
				PRODUCT_NAME = "$(TARGET_NAME)";
				SWIFT_EMIT_LOC_STRINGS = NO;
				SWIFT_VERSION = 5.0;
				TARGETED_DEVICE_FAMILY = "1,2";
				TEST_TARGET_NAME = WatchApp;
			};
			name = Release;
		};
/* End XCBuildConfiguration section */

/* Begin XCConfigurationList section */
		82009DD92A988FCD009B715B /* Build configuration list for PBXProject "WatchApp" */ = {
			isa = XCConfigurationList;
			buildConfigurations = (
				82009E062A988FCF009B715B /* Debug */,
				82009E072A988FCF009B715B /* Release */,
			);
			defaultConfigurationIsVisible = 0;
			defaultConfigurationName = Release;
		};
		82009E082A988FCF009B715B /* Build configuration list for PBXNativeTarget "WatchApp" */ = {
			isa = XCConfigurationList;
			buildConfigurations = (
				82009E092A988FCF009B715B /* Debug */,
				82009E0A2A988FCF009B715B /* Release */,
			);
			defaultConfigurationIsVisible = 0;
			defaultConfigurationName = Release;
		};
		82009E0B2A988FCF009B715B /* Build configuration list for PBXNativeTarget "WatchAppTests" */ = {
			isa = XCConfigurationList;
			buildConfigurations = (
				82009E0C2A988FCF009B715B /* Debug */,
				82009E0D2A988FCF009B715B /* Release */,
			);
			defaultConfigurationIsVisible = 0;
			defaultConfigurationName = Release;
		};
		82009E0E2A988FCF009B715B /* Build configuration list for PBXNativeTarget "WatchAppUITests" */ = {
			isa = XCConfigurationList;
			buildConfigurations = (
				82009E0F2A988FCF009B715B /* Debug */,
				82009E102A988FCF009B715B /* Release */,
			);
			defaultConfigurationIsVisible = 0;
			defaultConfigurationName = Release;
		};
/* End XCConfigurationList section */
	};
	rootObject = 82009DD62A988FCD009B715B /* Project object */;
}
